// !$*UTF8*$!
{
	archiveVersion = 1;
	classes = {
	};
	objectVersion = 46;
	objects = {

/* Begin PBXBuildFile section */
		8E9BDA301A2292CC00A1F5C4 /* main.m in Sources */ = {isa = PBXBuildFile; fileRef = 8E9BDA2F1A2292CC00A1F5C4 /* main.m */; };
		8E9BDA331A2292CC00A1F5C4 /* AppDelegate.m in Sources */ = {isa = PBXBuildFile; fileRef = 8E9BDA321A2292CC00A1F5C4 /* AppDelegate.m */; };
		8E9BDA361A2292CC00A1F5C4 /* ViewController.m in Sources */ = {isa = PBXBuildFile; fileRef = 8E9BDA351A2292CC00A1F5C4 /* ViewController.m */; };
		8E9BDA391A2292CC00A1F5C4 /* Main.storyboard in Resources */ = {isa = PBXBuildFile; fileRef = 8E9BDA371A2292CC00A1F5C4 /* Main.storyboard */; };
		8E9BDA3B1A2292CC00A1F5C4 /* Images.xcassets in Resources */ = {isa = PBXBuildFile; fileRef = 8E9BDA3A1A2292CC00A1F5C4 /* Images.xcassets */; };
		8E9BDA3E1A2292CC00A1F5C4 /* LaunchScreen.xib in Resources */ = {isa = PBXBuildFile; fileRef = 8E9BDA3C1A2292CC00A1F5C4 /* LaunchScreen.xib */; };
		8E9BDA4A1A2292CD00A1F5C4 /* HackWatchTests.m in Sources */ = {isa = PBXBuildFile; fileRef = 8E9BDA491A2292CD00A1F5C4 /* HackWatchTests.m */; };
		8E9BDA5A1A2292DB00A1F5C4 /* WatchKit.framework in Frameworks */ = {isa = PBXBuildFile; fileRef = 8E9BDA591A2292DB00A1F5C4 /* WatchKit.framework */; };
		8E9BDA601A2292DB00A1F5C4 /* InterfaceController.m in Sources */ = {isa = PBXBuildFile; fileRef = 8E9BDA5F1A2292DB00A1F5C4 /* InterfaceController.m */; };
		8E9BDA631A2292DB00A1F5C4 /* GlanceController.m in Sources */ = {isa = PBXBuildFile; fileRef = 8E9BDA621A2292DB00A1F5C4 /* GlanceController.m */; };
		8E9BDA651A2292DB00A1F5C4 /* Images.xcassets in Resources */ = {isa = PBXBuildFile; fileRef = 8E9BDA641A2292DB00A1F5C4 /* Images.xcassets */; };
		8E9BDA691A2292DB00A1F5C4 /* HackWatch Watch App.app in Resources */ = {isa = PBXBuildFile; fileRef = 8E9BDA681A2292DB00A1F5C4 /* HackWatch Watch App.app */; };
		8E9BDA701A2292DB00A1F5C4 /* Interface.storyboard in Resources */ = {isa = PBXBuildFile; fileRef = 8E9BDA6F1A2292DB00A1F5C4 /* Interface.storyboard */; };
		8E9BDA721A2292DB00A1F5C4 /* Images.xcassets in Resources */ = {isa = PBXBuildFile; fileRef = 8E9BDA711A2292DB00A1F5C4 /* Images.xcassets */; };
		8E9BDA751A2292DB00A1F5C4 /* HackWatch WatchKit Extension.appex in Embed App Extensions */ = {isa = PBXBuildFile; fileRef = 8E9BDA571A2292DB00A1F5C4 /* HackWatch WatchKit Extension.appex */; settings = {ATTRIBUTES = (RemoveHeadersOnCopy, ); }; };
		8E9BDA831A22930E00A1F5C4 /* INTULocationManager.m in Sources */ = {isa = PBXBuildFile; fileRef = 8E9BDA7F1A22930E00A1F5C4 /* INTULocationManager.m */; };
		8E9BDA841A22930E00A1F5C4 /* INTULocationManager.m in Sources */ = {isa = PBXBuildFile; fileRef = 8E9BDA7F1A22930E00A1F5C4 /* INTULocationManager.m */; };
		8E9BDA851A22930E00A1F5C4 /* INTULocationRequest.m in Sources */ = {isa = PBXBuildFile; fileRef = 8E9BDA811A22930E00A1F5C4 /* INTULocationRequest.m */; };
		8E9BDA861A22930E00A1F5C4 /* INTULocationRequest.m in Sources */ = {isa = PBXBuildFile; fileRef = 8E9BDA811A22930E00A1F5C4 /* INTULocationRequest.m */; };
		8E9BDA891A2295A900A1F5C4 /* Model.m in Sources */ = {isa = PBXBuildFile; fileRef = 8E9BDA881A2295A900A1F5C4 /* Model.m */; };
		8E9BDA8A1A2295A900A1F5C4 /* Model.m in Sources */ = {isa = PBXBuildFile; fileRef = 8E9BDA881A2295A900A1F5C4 /* Model.m */; };
		8E9BDA901A2297BB00A1F5C4 /* uber.png in Resources */ = {isa = PBXBuildFile; fileRef = 8E9BDA8F1A2297BB00A1F5C4 /* uber.png */; };
		8E9BDA921A229C8000A1F5C4 /* exljbris - Museo-300.otf in Resources */ = {isa = PBXBuildFile; fileRef = 8E9BDA911A229C7F00A1F5C4 /* exljbris - Museo-300.otf */; };
		8E9BDA941A229CDF00A1F5C4 /* exljbris - Museo-300.otf in Resources */ = {isa = PBXBuildFile; fileRef = 8E9BDA911A229C7F00A1F5C4 /* exljbris - Museo-300.otf */; };
		8E9BDA961A229DDA00A1F5C4 /* exljbris - Museo-500.otf in Resources */ = {isa = PBXBuildFile; fileRef = 8E9BDA951A229DDA00A1F5C4 /* exljbris - Museo-500.otf */; };
		8E9BDA971A229DE000A1F5C4 /* exljbris - Museo-500.otf in Resources */ = {isa = PBXBuildFile; fileRef = 8E9BDA951A229DDA00A1F5C4 /* exljbris - Museo-500.otf */; };
		8E9BDA991A22A23500A1F5C4 /* uberLogo.png in Resources */ = {isa = PBXBuildFile; fileRef = 8E9BDA981A22A23500A1F5C4 /* uberLogo.png */; };
/* End PBXBuildFile section */

/* Begin PBXContainerItemProxy section */
		8E9BDA441A2292CD00A1F5C4 /* PBXContainerItemProxy */ = {
			isa = PBXContainerItemProxy;
			containerPortal = 8E9BDA221A2292CC00A1F5C4 /* Project object */;
			proxyType = 1;
			remoteGlobalIDString = 8E9BDA291A2292CC00A1F5C4;
			remoteInfo = HackWatch;
		};
		8E9BDA6A1A2292DB00A1F5C4 /* PBXContainerItemProxy */ = {
			isa = PBXContainerItemProxy;
			containerPortal = 8E9BDA221A2292CC00A1F5C4 /* Project object */;
			proxyType = 1;
			remoteGlobalIDString = 8E9BDA671A2292DB00A1F5C4;
			remoteInfo = "HackWatch Watch App";
		};
		8E9BDA731A2292DB00A1F5C4 /* PBXContainerItemProxy */ = {
			isa = PBXContainerItemProxy;
			containerPortal = 8E9BDA221A2292CC00A1F5C4 /* Project object */;
			proxyType = 1;
			remoteGlobalIDString = 8E9BDA561A2292DB00A1F5C4;
			remoteInfo = "HackWatch WatchKit Extension";
		};
/* End PBXContainerItemProxy section */

/* Begin PBXCopyFilesBuildPhase section */
		8E9BDA7C1A2292DB00A1F5C4 /* Embed App Extensions */ = {
			isa = PBXCopyFilesBuildPhase;
			buildActionMask = 2147483647;
			dstPath = "";
			dstSubfolderSpec = 13;
			files = (
				8E9BDA751A2292DB00A1F5C4 /* HackWatch WatchKit Extension.appex in Embed App Extensions */,
			);
			name = "Embed App Extensions";
			runOnlyForDeploymentPostprocessing = 0;
		};
/* End PBXCopyFilesBuildPhase section */

/* Begin PBXFileReference section */
		8E9BDA2A1A2292CC00A1F5C4 /* HackWatch.app */ = {isa = PBXFileReference; explicitFileType = wrapper.application; includeInIndex = 0; path = HackWatch.app; sourceTree = BUILT_PRODUCTS_DIR; };
		8E9BDA2E1A2292CC00A1F5C4 /* Info.plist */ = {isa = PBXFileReference; lastKnownFileType = text.plist.xml; path = Info.plist; sourceTree = "<group>"; };
		8E9BDA2F1A2292CC00A1F5C4 /* main.m */ = {isa = PBXFileReference; lastKnownFileType = sourcecode.c.objc; path = main.m; sourceTree = "<group>"; };
		8E9BDA311A2292CC00A1F5C4 /* AppDelegate.h */ = {isa = PBXFileReference; lastKnownFileType = sourcecode.c.h; path = AppDelegate.h; sourceTree = "<group>"; };
		8E9BDA321A2292CC00A1F5C4 /* AppDelegate.m */ = {isa = PBXFileReference; lastKnownFileType = sourcecode.c.objc; path = AppDelegate.m; sourceTree = "<group>"; };
		8E9BDA341A2292CC00A1F5C4 /* ViewController.h */ = {isa = PBXFileReference; lastKnownFileType = sourcecode.c.h; path = ViewController.h; sourceTree = "<group>"; };
		8E9BDA351A2292CC00A1F5C4 /* ViewController.m */ = {isa = PBXFileReference; lastKnownFileType = sourcecode.c.objc; path = ViewController.m; sourceTree = "<group>"; };
		8E9BDA381A2292CC00A1F5C4 /* Base */ = {isa = PBXFileReference; lastKnownFileType = file.storyboard; name = Base; path = Base.lproj/Main.storyboard; sourceTree = "<group>"; };
		8E9BDA3A1A2292CC00A1F5C4 /* Images.xcassets */ = {isa = PBXFileReference; lastKnownFileType = folder.assetcatalog; path = Images.xcassets; sourceTree = "<group>"; };
		8E9BDA3D1A2292CC00A1F5C4 /* Base */ = {isa = PBXFileReference; lastKnownFileType = file.xib; name = Base; path = Base.lproj/LaunchScreen.xib; sourceTree = "<group>"; };
		8E9BDA431A2292CD00A1F5C4 /* HackWatchTests.xctest */ = {isa = PBXFileReference; explicitFileType = wrapper.cfbundle; includeInIndex = 0; path = HackWatchTests.xctest; sourceTree = BUILT_PRODUCTS_DIR; };
		8E9BDA481A2292CD00A1F5C4 /* Info.plist */ = {isa = PBXFileReference; lastKnownFileType = text.plist.xml; path = Info.plist; sourceTree = "<group>"; };
		8E9BDA491A2292CD00A1F5C4 /* HackWatchTests.m */ = {isa = PBXFileReference; lastKnownFileType = sourcecode.c.objc; path = HackWatchTests.m; sourceTree = "<group>"; };
		8E9BDA571A2292DB00A1F5C4 /* HackWatch WatchKit Extension.appex */ = {isa = PBXFileReference; explicitFileType = "wrapper.app-extension"; includeInIndex = 0; path = "HackWatch WatchKit Extension.appex"; sourceTree = BUILT_PRODUCTS_DIR; };
		8E9BDA591A2292DB00A1F5C4 /* WatchKit.framework */ = {isa = PBXFileReference; lastKnownFileType = wrapper.framework; name = WatchKit.framework; path = System/Library/Frameworks/WatchKit.framework; sourceTree = SDKROOT; };
		8E9BDA5D1A2292DB00A1F5C4 /* Info.plist */ = {isa = PBXFileReference; lastKnownFileType = text.plist.xml; path = Info.plist; sourceTree = "<group>"; };
		8E9BDA5E1A2292DB00A1F5C4 /* InterfaceController.h */ = {isa = PBXFileReference; lastKnownFileType = sourcecode.c.h; path = InterfaceController.h; sourceTree = "<group>"; };
		8E9BDA5F1A2292DB00A1F5C4 /* InterfaceController.m */ = {isa = PBXFileReference; lastKnownFileType = sourcecode.c.objc; path = InterfaceController.m; sourceTree = "<group>"; };
		8E9BDA611A2292DB00A1F5C4 /* GlanceController.h */ = {isa = PBXFileReference; lastKnownFileType = sourcecode.c.h; path = GlanceController.h; sourceTree = "<group>"; };
		8E9BDA621A2292DB00A1F5C4 /* GlanceController.m */ = {isa = PBXFileReference; lastKnownFileType = sourcecode.c.objc; path = GlanceController.m; sourceTree = "<group>"; };
		8E9BDA641A2292DB00A1F5C4 /* Images.xcassets */ = {isa = PBXFileReference; lastKnownFileType = folder.assetcatalog; path = Images.xcassets; sourceTree = "<group>"; };
		8E9BDA681A2292DB00A1F5C4 /* HackWatch Watch App.app */ = {isa = PBXFileReference; explicitFileType = wrapper.application; includeInIndex = 0; path = "HackWatch Watch App.app"; sourceTree = BUILT_PRODUCTS_DIR; };
		8E9BDA6E1A2292DB00A1F5C4 /* Info.plist */ = {isa = PBXFileReference; lastKnownFileType = text.plist.xml; path = Info.plist; sourceTree = "<group>"; };
		8E9BDA6F1A2292DB00A1F5C4 /* Interface.storyboard */ = {isa = PBXFileReference; lastKnownFileType = file.storyboard; path = Interface.storyboard; sourceTree = "<group>"; };
		8E9BDA711A2292DB00A1F5C4 /* Images.xcassets */ = {isa = PBXFileReference; lastKnownFileType = folder.assetcatalog; path = Images.xcassets; sourceTree = "<group>"; };
		8E9BDA7E1A22930E00A1F5C4 /* INTULocationManager.h */ = {isa = PBXFileReference; fileEncoding = 4; lastKnownFileType = sourcecode.c.h; path = INTULocationManager.h; sourceTree = "<group>"; };
		8E9BDA7F1A22930E00A1F5C4 /* INTULocationManager.m */ = {isa = PBXFileReference; fileEncoding = 4; lastKnownFileType = sourcecode.c.objc; path = INTULocationManager.m; sourceTree = "<group>"; };
		8E9BDA801A22930E00A1F5C4 /* INTULocationRequest.h */ = {isa = PBXFileReference; fileEncoding = 4; lastKnownFileType = sourcecode.c.h; path = INTULocationRequest.h; sourceTree = "<group>"; };
		8E9BDA811A22930E00A1F5C4 /* INTULocationRequest.m */ = {isa = PBXFileReference; fileEncoding = 4; lastKnownFileType = sourcecode.c.objc; path = INTULocationRequest.m; sourceTree = "<group>"; };
		8E9BDA821A22930E00A1F5C4 /* INTULocationRequestDefines.h */ = {isa = PBXFileReference; fileEncoding = 4; lastKnownFileType = sourcecode.c.h; path = INTULocationRequestDefines.h; sourceTree = "<group>"; };
		8E9BDA871A2295A900A1F5C4 /* Model.h */ = {isa = PBXFileReference; fileEncoding = 4; lastKnownFileType = sourcecode.c.h; path = Model.h; sourceTree = "<group>"; };
		8E9BDA881A2295A900A1F5C4 /* Model.m */ = {isa = PBXFileReference; fileEncoding = 4; lastKnownFileType = sourcecode.c.objc; path = Model.m; sourceTree = "<group>"; };
		8E9BDA8F1A2297BB00A1F5C4 /* uber.png */ = {isa = PBXFileReference; lastKnownFileType = image.png; path = uber.png; sourceTree = "<group>"; };
		8E9BDA911A229C7F00A1F5C4 /* exljbris - Museo-300.otf */ = {isa = PBXFileReference; lastKnownFileType = file; path = "exljbris - Museo-300.otf"; sourceTree = "<group>"; };
		8E9BDA951A229DDA00A1F5C4 /* exljbris - Museo-500.otf */ = {isa = PBXFileReference; lastKnownFileType = file; path = "exljbris - Museo-500.otf"; sourceTree = "<group>"; };
		8E9BDA981A22A23500A1F5C4 /* uberLogo.png */ = {isa = PBXFileReference; lastKnownFileType = image.png; path = uberLogo.png; sourceTree = "<group>"; };
/* End PBXFileReference section */

/* Begin PBXFrameworksBuildPhase section */
		8E9BDA271A2292CC00A1F5C4 /* Frameworks */ = {
			isa = PBXFrameworksBuildPhase;
			buildActionMask = 2147483647;
			files = (
			);
			runOnlyForDeploymentPostprocessing = 0;
		};
		8E9BDA401A2292CD00A1F5C4 /* Frameworks */ = {
			isa = PBXFrameworksBuildPhase;
			buildActionMask = 2147483647;
			files = (
			);
			runOnlyForDeploymentPostprocessing = 0;
		};
		8E9BDA541A2292DB00A1F5C4 /* Frameworks */ = {
			isa = PBXFrameworksBuildPhase;
			buildActionMask = 2147483647;
			files = (
				8E9BDA5A1A2292DB00A1F5C4 /* WatchKit.framework in Frameworks */,
			);
			runOnlyForDeploymentPostprocessing = 0;
		};
/* End PBXFrameworksBuildPhase section */

/* Begin PBXGroup section */
		8E9BDA211A2292CC00A1F5C4 = {
			isa = PBXGroup;
			children = (
				8E9BDA2C1A2292CC00A1F5C4 /* HackWatch */,
				8E9BDA461A2292CD00A1F5C4 /* HackWatchTests */,
				8E9BDA5B1A2292DB00A1F5C4 /* HackWatch WatchKit Extension */,
				8E9BDA6C1A2292DB00A1F5C4 /* HackWatch Watch App */,
				8E9BDA581A2292DB00A1F5C4 /* Frameworks */,
				8E9BDA2B1A2292CC00A1F5C4 /* Products */,
			);
			sourceTree = "<group>";
		};
		8E9BDA2B1A2292CC00A1F5C4 /* Products */ = {
			isa = PBXGroup;
			children = (
				8E9BDA2A1A2292CC00A1F5C4 /* HackWatch.app */,
				8E9BDA431A2292CD00A1F5C4 /* HackWatchTests.xctest */,
				8E9BDA571A2292DB00A1F5C4 /* HackWatch WatchKit Extension.appex */,
				8E9BDA681A2292DB00A1F5C4 /* HackWatch Watch App.app */,
			);
			name = Products;
			sourceTree = "<group>";
		};
		8E9BDA2C1A2292CC00A1F5C4 /* HackWatch */ = {
			isa = PBXGroup;
			children = (
				8E9BDA311A2292CC00A1F5C4 /* AppDelegate.h */,
				8E9BDA321A2292CC00A1F5C4 /* AppDelegate.m */,
				8E9BDA341A2292CC00A1F5C4 /* ViewController.h */,
				8E9BDA351A2292CC00A1F5C4 /* ViewController.m */,
				8E9BDA371A2292CC00A1F5C4 /* Main.storyboard */,
				8E9BDA3A1A2292CC00A1F5C4 /* Images.xcassets */,
				8E9BDA3C1A2292CC00A1F5C4 /* LaunchScreen.xib */,
				8E9BDA2D1A2292CC00A1F5C4 /* Supporting Files */,
			);
			path = HackWatch;
			sourceTree = "<group>";
		};
		8E9BDA2D1A2292CC00A1F5C4 /* Supporting Files */ = {
			isa = PBXGroup;
			children = (
				8E9BDA2E1A2292CC00A1F5C4 /* Info.plist */,
				8E9BDA2F1A2292CC00A1F5C4 /* main.m */,
			);
			name = "Supporting Files";
			sourceTree = "<group>";
		};
		8E9BDA461A2292CD00A1F5C4 /* HackWatchTests */ = {
			isa = PBXGroup;
			children = (
				8E9BDA491A2292CD00A1F5C4 /* HackWatchTests.m */,
				8E9BDA471A2292CD00A1F5C4 /* Supporting Files */,
			);
			path = HackWatchTests;
			sourceTree = "<group>";
		};
		8E9BDA471A2292CD00A1F5C4 /* Supporting Files */ = {
			isa = PBXGroup;
			children = (
				8E9BDA481A2292CD00A1F5C4 /* Info.plist */,
			);
			name = "Supporting Files";
			sourceTree = "<group>";
		};
		8E9BDA581A2292DB00A1F5C4 /* Frameworks */ = {
			isa = PBXGroup;
			children = (
				8E9BDA591A2292DB00A1F5C4 /* WatchKit.framework */,
			);
			name = Frameworks;
			sourceTree = "<group>";
		};
		8E9BDA5B1A2292DB00A1F5C4 /* HackWatch WatchKit Extension */ = {
			isa = PBXGroup;
			children = (
				8E9BDA7D1A22930E00A1F5C4 /* INTULocationManager */,
				8E9BDA871A2295A900A1F5C4 /* Model.h */,
				8E9BDA881A2295A900A1F5C4 /* Model.m */,
				8E9BDA5E1A2292DB00A1F5C4 /* InterfaceController.h */,
				8E9BDA5F1A2292DB00A1F5C4 /* InterfaceController.m */,
				8E9BDA611A2292DB00A1F5C4 /* GlanceController.h */,
				8E9BDA621A2292DB00A1F5C4 /* GlanceController.m */,
				8E9BDA641A2292DB00A1F5C4 /* Images.xcassets */,
				8E9BDA5C1A2292DB00A1F5C4 /* Supporting Files */,
			);
			path = "HackWatch WatchKit Extension";
			sourceTree = "<group>";
		};
		8E9BDA5C1A2292DB00A1F5C4 /* Supporting Files */ = {
			isa = PBXGroup;
			children = (
				8E9BDA5D1A2292DB00A1F5C4 /* Info.plist */,
			);
			name = "Supporting Files";
			sourceTree = "<group>";
		};
		8E9BDA6C1A2292DB00A1F5C4 /* HackWatch Watch App */ = {
			isa = PBXGroup;
			children = (
				8E9BDA931A229C8200A1F5C4 /* Resources */,
				8E9BDA6F1A2292DB00A1F5C4 /* Interface.storyboard */,
				8E9BDA711A2292DB00A1F5C4 /* Images.xcassets */,
				8E9BDA6D1A2292DB00A1F5C4 /* Supporting Files */,
			);
			path = "HackWatch Watch App";
			sourceTree = "<group>";
		};
		8E9BDA6D1A2292DB00A1F5C4 /* Supporting Files */ = {
			isa = PBXGroup;
			children = (
				8E9BDA6E1A2292DB00A1F5C4 /* Info.plist */,
			);
			name = "Supporting Files";
			sourceTree = "<group>";
		};
		8E9BDA7D1A22930E00A1F5C4 /* INTULocationManager */ = {
			isa = PBXGroup;
			children = (
				8E9BDA7E1A22930E00A1F5C4 /* INTULocationManager.h */,
				8E9BDA7F1A22930E00A1F5C4 /* INTULocationManager.m */,
				8E9BDA801A22930E00A1F5C4 /* INTULocationRequest.h */,
				8E9BDA811A22930E00A1F5C4 /* INTULocationRequest.m */,
				8E9BDA821A22930E00A1F5C4 /* INTULocationRequestDefines.h */,
			);
			name = INTULocationManager;
			path = Source;
			sourceTree = "<group>";
		};
		8E9BDA931A229C8200A1F5C4 /* Resources */ = {
			isa = PBXGroup;
			children = (
				8E9BDA911A229C7F00A1F5C4 /* exljbris - Museo-300.otf */,
				8E9BDA951A229DDA00A1F5C4 /* exljbris - Museo-500.otf */,
				8E9BDA8F1A2297BB00A1F5C4 /* uber.png */,
				8E9BDA981A22A23500A1F5C4 /* uberLogo.png */,
			);
			name = Resources;
			sourceTree = "<group>";
		};
/* End PBXGroup section */

/* Begin PBXNativeTarget section */
		8E9BDA291A2292CC00A1F5C4 /* HackWatch */ = {
			isa = PBXNativeTarget;
			buildConfigurationList = 8E9BDA4D1A2292CD00A1F5C4 /* Build configuration list for PBXNativeTarget "HackWatch" */;
			buildPhases = (
				8E9BDA261A2292CC00A1F5C4 /* Sources */,
				8E9BDA271A2292CC00A1F5C4 /* Frameworks */,
				8E9BDA281A2292CC00A1F5C4 /* Resources */,
				8E9BDA7C1A2292DB00A1F5C4 /* Embed App Extensions */,
			);
			buildRules = (
			);
			dependencies = (
				8E9BDA741A2292DB00A1F5C4 /* PBXTargetDependency */,
			);
			name = HackWatch;
			productName = HackWatch;
			productReference = 8E9BDA2A1A2292CC00A1F5C4 /* HackWatch.app */;
			productType = "com.apple.product-type.application";
		};
		8E9BDA421A2292CD00A1F5C4 /* HackWatchTests */ = {
			isa = PBXNativeTarget;
			buildConfigurationList = 8E9BDA501A2292CD00A1F5C4 /* Build configuration list for PBXNativeTarget "HackWatchTests" */;
			buildPhases = (
				8E9BDA3F1A2292CD00A1F5C4 /* Sources */,
				8E9BDA401A2292CD00A1F5C4 /* Frameworks */,
				8E9BDA411A2292CD00A1F5C4 /* Resources */,
			);
			buildRules = (
			);
			dependencies = (
				8E9BDA451A2292CD00A1F5C4 /* PBXTargetDependency */,
			);
			name = HackWatchTests;
			productName = HackWatchTests;
			productReference = 8E9BDA431A2292CD00A1F5C4 /* HackWatchTests.xctest */;
			productType = "com.apple.product-type.bundle.unit-test";
		};
		8E9BDA561A2292DB00A1F5C4 /* HackWatch WatchKit Extension */ = {
			isa = PBXNativeTarget;
			buildConfigurationList = 8E9BDA791A2292DB00A1F5C4 /* Build configuration list for PBXNativeTarget "HackWatch WatchKit Extension" */;
			buildPhases = (
				8E9BDA531A2292DB00A1F5C4 /* Sources */,
				8E9BDA541A2292DB00A1F5C4 /* Frameworks */,
				8E9BDA551A2292DB00A1F5C4 /* Resources */,
			);
			buildRules = (
			);
			dependencies = (
				8E9BDA6B1A2292DB00A1F5C4 /* PBXTargetDependency */,
			);
			name = "HackWatch WatchKit Extension";
			productName = "HackWatch WatchKit Extension";
			productReference = 8E9BDA571A2292DB00A1F5C4 /* HackWatch WatchKit Extension.appex */;
			productType = "com.apple.product-type.watchkit-extension";
		};
		8E9BDA671A2292DB00A1F5C4 /* HackWatch Watch App */ = {
			isa = PBXNativeTarget;
			buildConfigurationList = 8E9BDA761A2292DB00A1F5C4 /* Build configuration list for PBXNativeTarget "HackWatch Watch App" */;
			buildPhases = (
				8E9BDA661A2292DB00A1F5C4 /* Resources */,
			);
			buildRules = (
			);
			dependencies = (
			);
			name = "HackWatch Watch App";
			productName = "HackWatch Watch App";
			productReference = 8E9BDA681A2292DB00A1F5C4 /* HackWatch Watch App.app */;
			productType = "com.apple.product-type.application.watchapp";
		};
/* End PBXNativeTarget section */

/* Begin PBXProject section */
		8E9BDA221A2292CC00A1F5C4 /* Project object */ = {
			isa = PBXProject;
			attributes = {
				LastUpgradeCheck = 0620;
				ORGANIZATIONNAME = SapanBhuta;
				TargetAttributes = {
					8E9BDA291A2292CC00A1F5C4 = {
						CreatedOnToolsVersion = 6.2;
					};
					8E9BDA421A2292CD00A1F5C4 = {
						CreatedOnToolsVersion = 6.2;
						TestTargetID = 8E9BDA291A2292CC00A1F5C4;
					};
					8E9BDA561A2292DB00A1F5C4 = {
						CreatedOnToolsVersion = 6.2;
					};
					8E9BDA671A2292DB00A1F5C4 = {
						CreatedOnToolsVersion = 6.2;
					};
				};
			};
			buildConfigurationList = 8E9BDA251A2292CC00A1F5C4 /* Build configuration list for PBXProject "HackWatch" */;
			compatibilityVersion = "Xcode 3.2";
			developmentRegion = English;
			hasScannedForEncodings = 0;
			knownRegions = (
				en,
				Base,
			);
			mainGroup = 8E9BDA211A2292CC00A1F5C4;
			productRefGroup = 8E9BDA2B1A2292CC00A1F5C4 /* Products */;
			projectDirPath = "";
			projectRoot = "";
			targets = (
				8E9BDA291A2292CC00A1F5C4 /* HackWatch */,
				8E9BDA421A2292CD00A1F5C4 /* HackWatchTests */,
				8E9BDA561A2292DB00A1F5C4 /* HackWatch WatchKit Extension */,
				8E9BDA671A2292DB00A1F5C4 /* HackWatch Watch App */,
			);
		};
/* End PBXProject section */

/* Begin PBXResourcesBuildPhase section */
		8E9BDA281A2292CC00A1F5C4 /* Resources */ = {
			isa = PBXResourcesBuildPhase;
			buildActionMask = 2147483647;
			files = (
				8E9BDA391A2292CC00A1F5C4 /* Main.storyboard in Resources */,
				8E9BDA3E1A2292CC00A1F5C4 /* LaunchScreen.xib in Resources */,
				8E9BDA3B1A2292CC00A1F5C4 /* Images.xcassets in Resources */,
			);
			runOnlyForDeploymentPostprocessing = 0;
		};
		8E9BDA411A2292CD00A1F5C4 /* Resources */ = {
			isa = PBXResourcesBuildPhase;
			buildActionMask = 2147483647;
			files = (
			);
			runOnlyForDeploymentPostprocessing = 0;
		};
		8E9BDA551A2292DB00A1F5C4 /* Resources */ = {
			isa = PBXResourcesBuildPhase;
			buildActionMask = 2147483647;
			files = (
				8E9BDA941A229CDF00A1F5C4 /* exljbris - Museo-300.otf in Resources */,
				8E9BDA971A229DE000A1F5C4 /* exljbris - Museo-500.otf in Resources */,
				8E9BDA691A2292DB00A1F5C4 /* HackWatch Watch App.app in Resources */,
				8E9BDA651A2292DB00A1F5C4 /* Images.xcassets in Resources */,
			);
			runOnlyForDeploymentPostprocessing = 0;
		};
		8E9BDA661A2292DB00A1F5C4 /* Resources */ = {
			isa = PBXResourcesBuildPhase;
			buildActionMask = 2147483647;
			files = (
				8E9BDA991A22A23500A1F5C4 /* uberLogo.png in Resources */,
				8E9BDA921A229C8000A1F5C4 /* exljbris - Museo-300.otf in Resources */,
				8E9BDA701A2292DB00A1F5C4 /* Interface.storyboard in Resources */,
				8E9BDA961A229DDA00A1F5C4 /* exljbris - Museo-500.otf in Resources */,
				8E9BDA721A2292DB00A1F5C4 /* Images.xcassets in Resources */,
				8E9BDA901A2297BB00A1F5C4 /* uber.png in Resources */,
			);
			runOnlyForDeploymentPostprocessing = 0;
		};
/* End PBXResourcesBuildPhase section */

/* Begin PBXSourcesBuildPhase section */
		8E9BDA261A2292CC00A1F5C4 /* Sources */ = {
			isa = PBXSourcesBuildPhase;
			buildActionMask = 2147483647;
			files = (
				8E9BDA831A22930E00A1F5C4 /* INTULocationManager.m in Sources */,
				8E9BDA361A2292CC00A1F5C4 /* ViewController.m in Sources */,
				8E9BDA331A2292CC00A1F5C4 /* AppDelegate.m in Sources */,
				8E9BDA891A2295A900A1F5C4 /* Model.m in Sources */,
				8E9BDA851A22930E00A1F5C4 /* INTULocationRequest.m in Sources */,
				8E9BDA301A2292CC00A1F5C4 /* main.m in Sources */,
			);
			runOnlyForDeploymentPostprocessing = 0;
		};
		8E9BDA3F1A2292CD00A1F5C4 /* Sources */ = {
			isa = PBXSourcesBuildPhase;
			buildActionMask = 2147483647;
			files = (
				8E9BDA4A1A2292CD00A1F5C4 /* HackWatchTests.m in Sources */,
			);
			runOnlyForDeploymentPostprocessing = 0;
		};
		8E9BDA531A2292DB00A1F5C4 /* Sources */ = {
			isa = PBXSourcesBuildPhase;
			buildActionMask = 2147483647;
			files = (
				8E9BDA841A22930E00A1F5C4 /* INTULocationManager.m in Sources */,
				8E9BDA601A2292DB00A1F5C4 /* InterfaceController.m in Sources */,
				8E9BDA861A22930E00A1F5C4 /* INTULocationRequest.m in Sources */,
				8E9BDA631A2292DB00A1F5C4 /* GlanceController.m in Sources */,
				8E9BDA8A1A2295A900A1F5C4 /* Model.m in Sources */,
			);
			runOnlyForDeploymentPostprocessing = 0;
		};
/* End PBXSourcesBuildPhase section */

/* Begin PBXTargetDependency section */
		8E9BDA451A2292CD00A1F5C4 /* PBXTargetDependency */ = {
			isa = PBXTargetDependency;
			target = 8E9BDA291A2292CC00A1F5C4 /* HackWatch */;
			targetProxy = 8E9BDA441A2292CD00A1F5C4 /* PBXContainerItemProxy */;
		};
		8E9BDA6B1A2292DB00A1F5C4 /* PBXTargetDependency */ = {
			isa = PBXTargetDependency;
			target = 8E9BDA671A2292DB00A1F5C4 /* HackWatch Watch App */;
			targetProxy = 8E9BDA6A1A2292DB00A1F5C4 /* PBXContainerItemProxy */;
		};
		8E9BDA741A2292DB00A1F5C4 /* PBXTargetDependency */ = {
			isa = PBXTargetDependency;
			target = 8E9BDA561A2292DB00A1F5C4 /* HackWatch WatchKit Extension */;
			targetProxy = 8E9BDA731A2292DB00A1F5C4 /* PBXContainerItemProxy */;
		};
/* End PBXTargetDependency section */

/* Begin PBXVariantGroup section */
		8E9BDA371A2292CC00A1F5C4 /* Main.storyboard */ = {
			isa = PBXVariantGroup;
			children = (
				8E9BDA381A2292CC00A1F5C4 /* Base */,
			);
			name = Main.storyboard;
			sourceTree = "<group>";
		};
		8E9BDA3C1A2292CC00A1F5C4 /* LaunchScreen.xib */ = {
			isa = PBXVariantGroup;
			children = (
				8E9BDA3D1A2292CC00A1F5C4 /* Base */,
			);
			name = LaunchScreen.xib;
			sourceTree = "<group>";
		};
/* End PBXVariantGroup section */

/* Begin XCBuildConfiguration section */
		8E9BDA4B1A2292CD00A1F5C4 /* Debug */ = {
			isa = XCBuildConfiguration;
			buildSettings = {
				ALWAYS_SEARCH_USER_PATHS = NO;
				CLANG_CXX_LANGUAGE_STANDARD = "gnu++0x";
				CLANG_CXX_LIBRARY = "libc++";
				CLANG_ENABLE_MODULES = YES;
				CLANG_ENABLE_OBJC_ARC = YES;
				CLANG_WARN_BOOL_CONVERSION = YES;
				CLANG_WARN_CONSTANT_CONVERSION = YES;
				CLANG_WARN_DIRECT_OBJC_ISA_USAGE = YES_ERROR;
				CLANG_WARN_EMPTY_BODY = YES;
				CLANG_WARN_ENUM_CONVERSION = YES;
				CLANG_WARN_INT_CONVERSION = YES;
				CLANG_WARN_OBJC_ROOT_CLASS = YES_ERROR;
				CLANG_WARN_UNREACHABLE_CODE = YES;
				CLANG_WARN__DUPLICATE_METHOD_MATCH = YES;
				"CODE_SIGN_IDENTITY[sdk=iphoneos*]" = "iPhone Developer";
				COPY_PHASE_STRIP = NO;
				ENABLE_STRICT_OBJC_MSGSEND = YES;
				GCC_C_LANGUAGE_STANDARD = gnu99;
				GCC_DYNAMIC_NO_PIC = NO;
				GCC_OPTIMIZATION_LEVEL = 0;
				GCC_PREPROCESSOR_DEFINITIONS = (
					"DEBUG=1",
					"$(inherited)",
				);
				GCC_SYMBOLS_PRIVATE_EXTERN = NO;
				GCC_WARN_64_TO_32_BIT_CONVERSION = YES;
				GCC_WARN_ABOUT_RETURN_TYPE = YES_ERROR;
				GCC_WARN_UNDECLARED_SELECTOR = YES;
				GCC_WARN_UNINITIALIZED_AUTOS = YES_AGGRESSIVE;
				GCC_WARN_UNUSED_FUNCTION = YES;
				GCC_WARN_UNUSED_VARIABLE = YES;
				IPHONEOS_DEPLOYMENT_TARGET = 8.2;
				MTL_ENABLE_DEBUG_INFO = YES;
				ONLY_ACTIVE_ARCH = YES;
				SDKROOT = iphoneos;
			};
			name = Debug;
		};
		8E9BDA4C1A2292CD00A1F5C4 /* Release */ = {
			isa = XCBuildConfiguration;
			buildSettings = {
				ALWAYS_SEARCH_USER_PATHS = NO;
				CLANG_CXX_LANGUAGE_STANDARD = "gnu++0x";
				CLANG_CXX_LIBRARY = "libc++";
				CLANG_ENABLE_MODULES = YES;
				CLANG_ENABLE_OBJC_ARC = YES;
				CLANG_WARN_BOOL_CONVERSION = YES;
				CLANG_WARN_CONSTANT_CONVERSION = YES;
				CLANG_WARN_DIRECT_OBJC_ISA_USAGE = YES_ERROR;
				CLANG_WARN_EMPTY_BODY = YES;
				CLANG_WARN_ENUM_CONVERSION = YES;
				CLANG_WARN_INT_CONVERSION = YES;
				CLANG_WARN_OBJC_ROOT_CLASS = YES_ERROR;
				CLANG_WARN_UNREACHABLE_CODE = YES;
				CLANG_WARN__DUPLICATE_METHOD_MATCH = YES;
				"CODE_SIGN_IDENTITY[sdk=iphoneos*]" = "iPhone Developer";
				COPY_PHASE_STRIP = YES;
				ENABLE_NS_ASSERTIONS = NO;
				ENABLE_STRICT_OBJC_MSGSEND = YES;
				GCC_C_LANGUAGE_STANDARD = gnu99;
				GCC_WARN_64_TO_32_BIT_CONVERSION = YES;
				GCC_WARN_ABOUT_RETURN_TYPE = YES_ERROR;
				GCC_WARN_UNDECLARED_SELECTOR = YES;
				GCC_WARN_UNINITIALIZED_AUTOS = YES_AGGRESSIVE;
				GCC_WARN_UNUSED_FUNCTION = YES;
				GCC_WARN_UNUSED_VARIABLE = YES;
				IPHONEOS_DEPLOYMENT_TARGET = 8.2;
				MTL_ENABLE_DEBUG_INFO = NO;
				SDKROOT = iphoneos;
				VALIDATE_PRODUCT = YES;
			};
			name = Release;
		};
		8E9BDA4E1A2292CD00A1F5C4 /* Debug */ = {
			isa = XCBuildConfiguration;
			buildSettings = {
				ASSETCATALOG_COMPILER_APPICON_NAME = AppIcon;
				INFOPLIST_FILE = HackWatch/Info.plist;
				LD_RUNPATH_SEARCH_PATHS = "$(inherited) @executable_path/Frameworks";
				PRODUCT_NAME = "$(TARGET_NAME)";
			};
			name = Debug;
		};
		8E9BDA4F1A2292CD00A1F5C4 /* Release */ = {
			isa = XCBuildConfiguration;
			buildSettings = {
				ASSETCATALOG_COMPILER_APPICON_NAME = AppIcon;
				INFOPLIST_FILE = HackWatch/Info.plist;
				LD_RUNPATH_SEARCH_PATHS = "$(inherited) @executable_path/Frameworks";
				PRODUCT_NAME = "$(TARGET_NAME)";
			};
			name = Release;
		};
		8E9BDA511A2292CD00A1F5C4 /* Debug */ = {
			isa = XCBuildConfiguration;
			buildSettings = {
				BUNDLE_LOADER = "$(TEST_HOST)";
				FRAMEWORK_SEARCH_PATHS = (
					"$(SDKROOT)/Developer/Library/Frameworks",
					"$(inherited)",
				);
				GCC_PREPROCESSOR_DEFINITIONS = (
					"DEBUG=1",
					"$(inherited)",
				);
				INFOPLIST_FILE = HackWatchTests/Info.plist;
				LD_RUNPATH_SEARCH_PATHS = "$(inherited) @executable_path/Frameworks @loader_path/Frameworks";
				PRODUCT_NAME = "$(TARGET_NAME)";
				TEST_HOST = "$(BUILT_PRODUCTS_DIR)/HackWatch.app/HackWatch";
			};
			name = Debug;
		};
		8E9BDA521A2292CD00A1F5C4 /* Release */ = {
			isa = XCBuildConfiguration;
			buildSettings = {
				BUNDLE_LOADER = "$(TEST_HOST)";
				FRAMEWORK_SEARCH_PATHS = (
					"$(SDKROOT)/Developer/Library/Frameworks",
					"$(inherited)",
				);
				INFOPLIST_FILE = HackWatchTests/Info.plist;
				LD_RUNPATH_SEARCH_PATHS = "$(inherited) @executable_path/Frameworks @loader_path/Frameworks";
				PRODUCT_NAME = "$(TARGET_NAME)";
				TEST_HOST = "$(BUILT_PRODUCTS_DIR)/HackWatch.app/HackWatch";
			};
			name = Release;
		};
		8E9BDA771A2292DB00A1F5C4 /* Debug */ = {
			isa = XCBuildConfiguration;
			buildSettings = {
				ASSETCATALOG_COMPILER_APPICON_NAME = AppIcon;
				ASSETCATALOG_COMPILER_LAUNCHIMAGE_NAME = LaunchImage;
				GCC_PREPROCESSOR_DEFINITIONS = (
					"DEBUG=1",
					"$(inherited)",
				);
				IBSC_MODULE = HackWatch_WatchKit_Extension;
				INFOPLIST_FILE = "HackWatch Watch App/Info.plist";
				PRODUCT_NAME = "$(TARGET_NAME)";
				SKIP_INSTALL = YES;
				TARGETED_DEVICE_FAMILY = 4;
				"TARGETED_DEVICE_FAMILY[sdk=iphonesimulator*]" = "1,4";
			};
			name = Debug;
		};
		8E9BDA781A2292DB00A1F5C4 /* Release */ = {
			isa = XCBuildConfiguration;
			buildSettings = {
				ASSETCATALOG_COMPILER_APPICON_NAME = AppIcon;
				ASSETCATALOG_COMPILER_LAUNCHIMAGE_NAME = LaunchImage;
				IBSC_MODULE = HackWatch_WatchKit_Extension;
				INFOPLIST_FILE = "HackWatch Watch App/Info.plist";
				PRODUCT_NAME = "$(TARGET_NAME)";
				SKIP_INSTALL = YES;
				TARGETED_DEVICE_FAMILY = 4;
				"TARGETED_DEVICE_FAMILY[sdk=iphonesimulator*]" = "1,4";
			};
			name = Release;
		};
		8E9BDA7A1A2292DB00A1F5C4 /* Debug */ = {
			isa = XCBuildConfiguration;
			buildSettings = {
				GCC_PREPROCESSOR_DEFINITIONS = (
					"DEBUG=1",
					"$(inherited)",
				);
				INFOPLIST_FILE = "HackWatch WatchKit Extension/Info.plist";
				LD_RUNPATH_SEARCH_PATHS = "$(inherited) @executable_path/Frameworks @executable_path/../../Frameworks";
				PRODUCT_NAME = "${TARGET_NAME}";
				SKIP_INSTALL = YES;
			};
			name = Debug;
		};
		8E9BDA7B1A2292DB00A1F5C4 /* Release */ = {
			isa = XCBuildConfiguration;
			buildSettings = {
				INFOPLIST_FILE = "HackWatch WatchKit Extension/Info.plist";
				LD_RUNPATH_SEARCH_PATHS = "$(inherited) @executable_path/Frameworks @executable_path/../../Frameworks";
				PRODUCT_NAME = "${TARGET_NAME}";
				SKIP_INSTALL = YES;
			};
			name = Release;
		};
/* End XCBuildConfiguration section */

/* Begin XCConfigurationList section */
		8E9BDA251A2292CC00A1F5C4 /* Build configuration list for PBXProject "HackWatch" */ = {
			isa = XCConfigurationList;
			buildConfigurations = (
				8E9BDA4B1A2292CD00A1F5C4 /* Debug */,
				8E9BDA4C1A2292CD00A1F5C4 /* Release */,
			);
			defaultConfigurationIsVisible = 0;
			defaultConfigurationName = Release;
		};
		8E9BDA4D1A2292CD00A1F5C4 /* Build configuration list for PBXNativeTarget "HackWatch" */ = {
			isa = XCConfigurationList;
			buildConfigurations = (
				8E9BDA4E1A2292CD00A1F5C4 /* Debug */,
				8E9BDA4F1A2292CD00A1F5C4 /* Release */,
			);
			defaultConfigurationIsVisible = 0;
		};
		8E9BDA501A2292CD00A1F5C4 /* Build configuration list for PBXNativeTarget "HackWatchTests" */ = {
			isa = XCConfigurationList;
			buildConfigurations = (
				8E9BDA511A2292CD00A1F5C4 /* Debug */,
				8E9BDA521A2292CD00A1F5C4 /* Release */,
			);
			defaultConfigurationIsVisible = 0;
		};
		8E9BDA761A2292DB00A1F5C4 /* Build configuration list for PBXNativeTarget "HackWatch Watch App" */ = {
			isa = XCConfigurationList;
			buildConfigurations = (
				8E9BDA771A2292DB00A1F5C4 /* Debug */,
				8E9BDA781A2292DB00A1F5C4 /* Release */,
			);
			defaultConfigurationIsVisible = 0;
		};
		8E9BDA791A2292DB00A1F5C4 /* Build configuration list for PBXNativeTarget "HackWatch WatchKit Extension" */ = {
			isa = XCConfigurationList;
			buildConfigurations = (
				8E9BDA7A1A2292DB00A1F5C4 /* Debug */,
				8E9BDA7B1A2292DB00A1F5C4 /* Release */,
			);
			defaultConfigurationIsVisible = 0;
		};
/* End XCConfigurationList section */
	};
	rootObject = 8E9BDA221A2292CC00A1F5C4 /* Project object */;
}
